
Microsoft Visual Studio Solution File, Format Version 12.00
# Visual Studio Version 17
VisualStudioVersion = 17.6.33815.320
MinimumVisualStudioVersion = 10.0.40219.1
Project("{FAE04EC0-301F-11D3-BF4B-00C04F79EFBC}") = "cseresznye_gt0wig", "cseresznye_gt0wig\cseresznye_gt0wig.csproj", "{911E0930-8168-4AC6-A52F-4AC66AA4FCCA}"
EndProject
Project("{FAE04EC0-301F-11D3-BF4B-00C04F79EFBC}") = "MarvelFilmek", "MarvelFilmek\MarvelFilmek.csproj", "{E67ACF3C-1780-48CC-BDD7-6F8DD3D4623C}"
EndProject
Global
	GlobalSection(SolutionConfigurationPlatforms) = preSolution
		Debug|Any CPU = Debug|Any CPU
		Release|Any CPU = Release|Any CPU
	EndGlobalSection
	GlobalSection(ProjectConfigurationPlatforms) = postSolution
		{911E0930-8168-4AC6-A52F-4AC66AA4FCCA}.Debug|Any CPU.ActiveCfg = Debug|Any CPU
		{911E0930-8168-4AC6-A52F-4AC66AA4FCCA}.Debug|Any CPU.Build.0 = Debug|Any CPU
		{911E0930-8168-4AC6-A52F-4AC66AA4FCCA}.Release|Any CPU.ActiveCfg = Release|Any CPU
		{911E0930-8168-4AC6-A52F-4AC66AA4FCCA}.Release|Any CPU.Build.0 = Release|Any CPU
		{E67ACF3C-1780-48CC-BDD7-6F8DD3D4623C}.Debug|Any CPU.ActiveCfg = Debug|Any CPU
		{E67ACF3C-1780-48CC-BDD7-6F8DD3D4623C}.Debug|Any CPU.Build.0 = Debug|Any CPU
		{E67ACF3C-1780-48CC-BDD7-6F8DD3D4623C}.Release|Any CPU.ActiveCfg = Release|Any CPU
		{E67ACF3C-1780-48CC-BDD7-6F8DD3D4623C}.Release|Any CPU.Build.0 = Release|Any CPU
	EndGlobalSection
	GlobalSection(SolutionProperties) = preSolution
		HideSolutionNode = FALSE
	EndGlobalSection
	GlobalSection(ExtensibilityGlobals) = postSolution
		SolutionGuid = {6D4B0235-9964-4DBA-BFB8-BE32082658BF}
	EndGlobalSection
EndGlobal
